# This file is automatically @generated by Cargo.
# It is not intended for manual editing.
version = 4

[[package]]
name = "drop_tracer"
version = "0.2.0"
source = "registry+https://github.com/rust-lang/crates.io-index"
checksum = "37f323e38f0188bceef6dca6048a6f6a3a32a58724bd3e7a5261d8e1cfabf0d2"

[[package]]
name = "easy_node"
version = "0.4.1"
dependencies = [
 "drop_tracer",
]
