# This file is automatically @generated by Cargo.
# It is not intended for manual editing.
version = 4

[[package]]
name = "drop_tracer"
version = "0.3.0"
source = "registry+https://github.com/rust-lang/crates.io-index"
checksum = "2021129ff21cb55ef859efc2416b2dbe40703b46500b6521da9f1c9f2680d6d4"

[[package]]
name = "easy_node"
version = "0.5.2"
dependencies = [
 "drop_tracer",
]
