# This file is automatically @generated by Cargo.
# It is not intended for manual editing.
version = 3

[[package]]
name = "drop_tracer"
version = "0.1.1"
source = "registry+https://github.com/rust-lang/crates.io-index"
checksum = "5aaeb2c05f39a7ab2951d7a747ff6958bef141abc5ad1d79cd55840253365801"

[[package]]
name = "easy_node"
version = "0.3.0"
dependencies = [
 "drop_tracer",
]
